
Microsoft Visual Studio Solution File, Format Version 12.00
# Visual Studio 2013
VisualStudioVersion = 12.0.31101.0
MinimumVisualStudioVersion = 10.0.40219.1
Project("{FAE04EC0-301F-11D3-BF4B-00C04F79EFBC}") = "COMP2007Midterm", "COMP2007Midterm\COMP2007Midterm.csproj", "{3EA67E62-942A-4F35-BD86-B9C129E6FD1B}"
EndProject
Project("{2150E333-8FDC-42A3-9474-1A3956D46DE8}") = "PublishScripts", "PublishScripts", "{6FC68C1F-8DF8-4E9A-87D1-2D6A7695AA24}"
	ProjectSection(SolutionItems) = preProject
		PublishScripts\AzureWebsitePublishModule.psm1 = PublishScripts\AzureWebsitePublishModule.psm1
		PublishScripts\Publish-WebApplicationWebsite.ps1 = PublishScripts\Publish-WebApplicationWebsite.ps1
	EndProjectSection
EndProject
Project("{2150E333-8FDC-42A3-9474-1A3956D46DE8}") = "Configurations", "Configurations", "{F46F0EA2-1D56-4432-AA9D-0FEC2AE480C4}"
	ProjectSection(SolutionItems) = preProject
		PublishScripts\Configurations\COMP2007Midterm-WAWS-dev.json = PublishScripts\Configurations\COMP2007Midterm-WAWS-dev.json
	EndProjectSection
EndProject
Global
	GlobalSection(SolutionConfigurationPlatforms) = preSolution
		Debug|Any CPU = Debug|Any CPU
		Release|Any CPU = Release|Any CPU
	EndGlobalSection
	GlobalSection(ProjectConfigurationPlatforms) = postSolution
		{3EA67E62-942A-4F35-BD86-B9C129E6FD1B}.Debug|Any CPU.ActiveCfg = Debug|Any CPU
		{3EA67E62-942A-4F35-BD86-B9C129E6FD1B}.Debug|Any CPU.Build.0 = Debug|Any CPU
		{3EA67E62-942A-4F35-BD86-B9C129E6FD1B}.Release|Any CPU.ActiveCfg = Release|Any CPU
		{3EA67E62-942A-4F35-BD86-B9C129E6FD1B}.Release|Any CPU.Build.0 = Release|Any CPU
	EndGlobalSection
	GlobalSection(SolutionProperties) = preSolution
		HideSolutionNode = FALSE
	EndGlobalSection
	GlobalSection(NestedProjects) = preSolution
		{F46F0EA2-1D56-4432-AA9D-0FEC2AE480C4} = {6FC68C1F-8DF8-4E9A-87D1-2D6A7695AA24}
	EndGlobalSection
EndGlobal
